// !$*UTF8*$!
{
	archiveVersion = 1;
	classes = {};
	objectVersion = 56;
	objects = {

/* Begin PBXBuildFile section */
		A1000001 /* DashboardApp.swift in Sources */ = {isa = PBXBuildFile; fileRef = A2000001 /* DashboardApp.swift */; };
		A1000002 /* ContentView.swift in Sources */ = {isa = PBXBuildFile; fileRef = A2000002 /* ContentView.swift */; };
		A1000003 /* Protocol.swift in Sources */ = {isa = PBXBuildFile; fileRef = A2000003 /* Protocol.swift */; };
		A1000004 /* GoogleAccountSync.swift in Sources */ = {isa = PBXBuildFile; fileRef = A2000004 /* GoogleAccountSync.swift */; };
		A1000005 /* ConnectionManager.swift in Sources */ = {isa = PBXBuildFile; fileRef = A2000005 /* ConnectionManager.swift */; };
		A1000006 /* DrawingCanvasView.swift in Sources */ = {isa = PBXBuildFile; fileRef = A2000006 /* DrawingCanvasView.swift */; };
/* End PBXBuildFile section */

/* Begin PBXFileReference section */
		A2000001 /* DashboardApp.swift */ = {isa = PBXFileReference; lastKnownFileType = sourcecode.swift; path = DashboardApp.swift; sourceTree = "<group>"; };
		A2000002 /* ContentView.swift */ = {isa = PBXFileReference; lastKnownFileType = sourcecode.swift; path = ContentView.swift; sourceTree = "<group>"; };
		A2000003 /* Protocol.swift */ = {isa = PBXFileReference; lastKnownFileType = sourcecode.swift; path = Protocol.swift; sourceTree = "<group>"; };
		A2000004 /* GoogleAccountSync.swift */ = {isa = PBXFileReference; lastKnownFileType = sourcecode.swift; path = GoogleAccountSync.swift; sourceTree = "<group>"; };
		A2000005 /* ConnectionManager.swift */ = {isa = PBXFileReference; lastKnownFileType = sourcecode.swift; path = ConnectionManager.swift; sourceTree = "<group>"; };
		A2000006 /* DrawingCanvasView.swift */ = {isa = PBXFileReference; lastKnownFileType = sourcecode.swift; path = DrawingCanvasView.swift; sourceTree = "<group>"; };
		A3000001 /* Dashboard.app */ = {isa = PBXFileReference; explicitFileType = wrapper.application; includeInIndex = 0; path = "Dashboard.app"; sourceTree = BUILT_PRODUCTS_DIR; };
/* End PBXFileReference section */

/* Begin PBXGroup section */
		A4000000 /* Products */ = {
			isa = PBXGroup;
			children = (A3000001 /* Dashboard.app */);
			name = Products;
			sourceTree = "<group>";
		};
		A4000001 /* Dashboard */ = {
			isa = PBXGroup;
			children = (
				A2000001, A2000002, A4000010, A4000011,
			);
			path = Dashboard;
			sourceTree = "<group>";
		};
		A4000010 /* Core */ = {
			isa = PBXGroup;
			children = (A2000003, A2000004, A2000005);
			path = Core;
			sourceTree = "<group>";
		};
		A4000011 /* UI */ = {
			isa = PBXGroup;
			children = (A2000006, A2000002);
			path = UI;
			sourceTree = "<group>";
		};
		A5000000 = {
			isa = PBXGroup;
			children = (A4000000, A4000001);
			sourceTree = "<group>";
		};
/* End PBXGroup section */

/* Begin PBXNativeTarget section */
		A6000001 /* Dashboard */ = {
			isa = PBXNativeTarget;
			buildConfigurationList = A7000001 /* Build configuration list for PBXNativeTarget "Dashboard" */;
			buildPhases = (A8000001 /* Sources */);
			buildRules = ();
			dependencies = ();
			name = Dashboard;
			productName = Dashboard;
			productReference = A3000001 /* Dashboard.app */;
			productType = "com.apple.product-type.application";
		};
/* End PBXNativeTarget section */

/* Begin PBXProject section */
		A9000000 /* Project object */ = {
			isa = PBXProject;
			attributes = {
				BuildIndependentTargetsInParallel = 1;
				LastSwiftUpdateCheck = 1500;
				TargetAttributes = {
					A6000001 = {
						CreatedOnToolsVersion = 15.0;
					};
				};
			};
			buildConfigurationList = A7000002 /* Build configuration list for PBXProject "Dashboard" */;
			compatibilityVersion = "Xcode 14.0";
			developmentRegion = en;
			hasScannedForEncodings = 0;
			knownRegions = (en);
			mainGroup = A5000000;
			productRefGroup = A4000000 /* Products */;
			projectDirPath = "";
			projectRoot = "";
			targets = (A6000001 /* Dashboard */);
		};
/* End PBXProject section */

/* Begin PBXSourcesBuildPhase section */
		A8000001 /* Sources */ = {
			isa = PBXSourcesBuildPhase;
			buildActionMask = 2147483647;
			files = (
				A1000001 /* DashboardApp.swift in Sources */,
				A1000003 /* Protocol.swift in Sources */,
				A1000004 /* GoogleAccountSync.swift in Sources */,
				A1000005 /* ConnectionManager.swift in Sources */,
				A1000006 /* DrawingCanvasView.swift in Sources */,
				A1000002 /* ContentView.swift in Sources */,
			);
			runOnlyForDeploymentPostprocessing = 0;
		};
/* End PBXSourcesBuildPhase section */

/* Begin XCBuildConfiguration section */
		A7000010 /* Debug */ = {
			isa = XCBuildConfiguration;
			buildSettings = {
				ALWAYS_SEARCH_USER_PATHS = NO;
				ASSETCATALOG_COMPILER_GENERATE_SWIFT_ASSET_SYMBOL_EXTENSIONS = YES;
				CLANG_ENABLE_MODULES = YES;
				CODE_SIGN_STYLE = Automatic;
				CURRENT_PROJECT_VERSION = 2;
				GENERATE_INFOPLIST_FILE = YES;
				INFOPLIST_KEY_UIApplicationSceneManifest_Generation = NO;
				INFOPLIST_KEY_UILaunchScreen_Generation = YES;
				INFOPLIST_KEY_NSLocalNetworkUsageDescription = "Dashboard uses your local network to discover host PCs and stream stylus input.";
				INFOPLIST_KEY_NSBonjourServices = "_dashboard._udp";
				MARKETING_VERSION = 1.2.0;
				PRODUCT_BUNDLE_IDENTIFIER = "com.dashboard.ios";
				PRODUCT_NAME = Dashboard;
				SUPPORTED_PLATFORMS = "iphoneos iphonesimulator";
				SWIFT_EMIT_LOC_STRINGS = YES;
				SWIFT_VERSION = 5.9;
				TARGETED_DEVICE_FAMILY = "1,2";
				IPHONEOS_DEPLOYMENT_TARGET = 16.0;
				GCC_OPTIMIZATION_LEVEL = 0;
				SWIFT_OPTIMIZATION_LEVEL = "-Onone";
				DEBUG_INFORMATION_FORMAT = dwarf;
			};
			name = Debug;
		};
		A7000011 /* Release */ = {
			isa = XCBuildConfiguration;
			buildSettings = {
				ALWAYS_SEARCH_USER_PATHS = NO;
				ASSETCATALOG_COMPILER_GENERATE_SWIFT_ASSET_SYMBOL_EXTENSIONS = YES;
				CLANG_ENABLE_MODULES = YES;
				CODE_SIGN_STYLE = Automatic;
				CURRENT_PROJECT_VERSION = 2;
				GENERATE_INFOPLIST_FILE = YES;
				INFOPLIST_KEY_UIApplicationSceneManifest_Generation = NO;
				INFOPLIST_KEY_UILaunchScreen_Generation = YES;
				INFOPLIST_KEY_NSLocalNetworkUsageDescription = "Dashboard uses your local network to discover host PCs and stream stylus input.";
				INFOPLIST_KEY_NSBonjourServices = "_dashboard._udp";
				MARKETING_VERSION = 1.2.0;
				PRODUCT_BUNDLE_IDENTIFIER = "com.dashboard.ios";
				PRODUCT_NAME = Dashboard;
				SUPPORTED_PLATFORMS = "iphoneos iphonesimulator";
				SWIFT_EMIT_LOC_STRINGS = YES;
				SWIFT_VERSION = 5.9;
				TARGETED_DEVICE_FAMILY = "1,2";
				IPHONEOS_DEPLOYMENT_TARGET = 16.0;
				COPY_PHASE_STRIP = YES;
				DEBUG_INFORMATION_FORMAT = "dwarf-with-dsym";
				SWIFT_OPTIMIZATION_LEVEL = "-O";
			};
			name = Release;
		};
		A7000012 /* Debug */ = {
			isa = XCBuildConfiguration;
			buildSettings = {
				SWIFT_VERSION = 5.9;
			};
			name = Debug;
		};
		A7000013 /* Release */ = {
			isa = XCBuildConfiguration;
			buildSettings = {
				SWIFT_VERSION = 5.9;
			};
			name = Release;
		};
/* End XCBuildConfiguration section */

/* Begin XCConfigurationList section */
		A7000001 /* Build configuration list for PBXNativeTarget "Dashboard" */ = {
			isa = XCConfigurationList;
			buildConfigurations = (A7000010 /* Debug */, A7000011 /* Release */);
			defaultConfigurationIsVisible = 0;
			defaultConfigurationName = Release;
		};
		A7000002 /* Build configuration list for PBXProject "Dashboard" */ = {
			isa = XCConfigurationList;
			buildConfigurations = (A7000012 /* Debug */, A7000013 /* Release */);
			defaultConfigurationIsVisible = 0;
			defaultConfigurationName = Release;
		};
/* End XCConfigurationList section */

	};
	rootObject = A9000000 /* Project object */;
}
